
Microsoft Visual Studio Solution File, Format Version 12.00
# Visual Studio Version 17
VisualStudioVersion = 17.6.33829.357
MinimumVisualStudioVersion = 10.0.40219.1
Project("{FAE04EC0-301F-11D3-BF4B-00C04F79EFBC}") = "FunctionalCS", "FunctionalCS\FunctionalCS.csproj", "{2EDC0878-7A15-4A82-9238-6207E5669823}"
EndProject
Global
	GlobalSection(SolutionConfigurationPlatforms) = preSolution
		Debug|Any CPU = Debug|Any CPU
		Release|Any CPU = Release|Any CPU
	EndGlobalSection
	GlobalSection(ProjectConfigurationPlatforms) = postSolution
		{2EDC0878-7A15-4A82-9238-6207E5669823}.Debug|Any CPU.ActiveCfg = Debug|Any CPU
		{2EDC0878-7A15-4A82-9238-6207E5669823}.Debug|Any CPU.Build.0 = Debug|Any CPU
		{2EDC0878-7A15-4A82-9238-6207E5669823}.Release|Any CPU.ActiveCfg = Release|Any CPU
		{2EDC0878-7A15-4A82-9238-6207E5669823}.Release|Any CPU.Build.0 = Release|Any CPU
	EndGlobalSection
	GlobalSection(SolutionProperties) = preSolution
		HideSolutionNode = FALSE
	EndGlobalSection
	GlobalSection(ExtensibilityGlobals) = postSolution
		SolutionGuid = {6B4655BE-D6E5-4339-9CE0-3A70857982A2}
	EndGlobalSection
EndGlobal
